// !$*UTF8*$!
{
	archiveVersion = 1;
	classes = {
	};
	objectVersion = 48;
	objects = {

/* Begin PBXBuildFile section */
		C77F4DD3201F7F4A00398257 /* AppDelegate.swift in Sources */ = {isa = PBXBuildFile; fileRef = C77F4DD2201F7F4900398257 /* AppDelegate.swift */; };
		C77F4DD5201F7F4A00398257 /* ViewController.swift in Sources */ = {isa = PBXBuildFile; fileRef = C77F4DD4201F7F4A00398257 /* ViewController.swift */; };
		C77F4DD8201F7F4A00398257 /* Main.storyboard in Resources */ = {isa = PBXBuildFile; fileRef = C77F4DD6201F7F4A00398257 /* Main.storyboard */; };
		C77F4DDA201F7F4A00398257 /* Assets.xcassets in Resources */ = {isa = PBXBuildFile; fileRef = C77F4DD9201F7F4A00398257 /* Assets.xcassets */; };
		C77F4DDD201F7F4A00398257 /* LaunchScreen.storyboard in Resources */ = {isa = PBXBuildFile; fileRef = C77F4DDB201F7F4A00398257 /* LaunchScreen.storyboard */; };
		E143BA47202820C200F29BAE /* Utils.swift in Sources */ = {isa = PBXBuildFile; fileRef = E143BA46202820C200F29BAE /* Utils.swift */; };
		E143BA4A2028211000F29BAE /* Pop.aiff in Resources */ = {isa = PBXBuildFile; fileRef = E143BA482028211000F29BAE /* Pop.aiff */; };
		E143BA4B2028211000F29BAE /* Intro.mp3 in Resources */ = {isa = PBXBuildFile; fileRef = E143BA492028211000F29BAE /* Intro.mp3 */; };
		E143BA4D202823B200F29BAE /* reelsound.wav in Resources */ = {isa = PBXBuildFile; fileRef = E143BA4C202823B200F29BAE /* reelsound.wav */; };
		E143BA4F20282A0E00F29BAE /* cucaracha.mp3 in Resources */ = {isa = PBXBuildFile; fileRef = E143BA4E20282A0E00F29BAE /* cucaracha.mp3 */; };
/* End PBXBuildFile section */

/* Begin PBXFileReference section */
		C77F4DCF201F7F4900398257 /* Slot Machine.app */ = {isa = PBXFileReference; explicitFileType = wrapper.application; includeInIndex = 0; path = "Slot Machine.app"; sourceTree = BUILT_PRODUCTS_DIR; };
		C77F4DD2201F7F4900398257 /* AppDelegate.swift */ = {isa = PBXFileReference; lastKnownFileType = sourcecode.swift; path = AppDelegate.swift; sourceTree = "<group>"; };
		C77F4DD4201F7F4A00398257 /* ViewController.swift */ = {isa = PBXFileReference; lastKnownFileType = sourcecode.swift; path = ViewController.swift; sourceTree = "<group>"; };
		C77F4DD7201F7F4A00398257 /* Base */ = {isa = PBXFileReference; lastKnownFileType = file.storyboard; name = Base; path = Base.lproj/Main.storyboard; sourceTree = "<group>"; };
		C77F4DD9201F7F4A00398257 /* Assets.xcassets */ = {isa = PBXFileReference; lastKnownFileType = folder.assetcatalog; path = Assets.xcassets; sourceTree = "<group>"; };
		C77F4DDC201F7F4A00398257 /* Base */ = {isa = PBXFileReference; lastKnownFileType = file.storyboard; name = Base; path = Base.lproj/LaunchScreen.storyboard; sourceTree = "<group>"; };
		C77F4DDE201F7F4A00398257 /* Info.plist */ = {isa = PBXFileReference; lastKnownFileType = text.plist.xml; path = Info.plist; sourceTree = "<group>"; };
		E143BA46202820C200F29BAE /* Utils.swift */ = {isa = PBXFileReference; lastKnownFileType = sourcecode.swift; path = Utils.swift; sourceTree = "<group>"; };
		E143BA482028211000F29BAE /* Pop.aiff */ = {isa = PBXFileReference; lastKnownFileType = audio.aiff; path = Pop.aiff; sourceTree = "<group>"; };
		E143BA492028211000F29BAE /* Intro.mp3 */ = {isa = PBXFileReference; lastKnownFileType = audio.mp3; path = Intro.mp3; sourceTree = "<group>"; };
		E143BA4C202823B200F29BAE /* reelsound.wav */ = {isa = PBXFileReference; lastKnownFileType = audio.wav; path = reelsound.wav; sourceTree = "<group>"; };
		E143BA4E20282A0E00F29BAE /* cucaracha.mp3 */ = {isa = PBXFileReference; lastKnownFileType = audio.mp3; path = cucaracha.mp3; sourceTree = "<group>"; };
/* End PBXFileReference section */

/* Begin PBXFrameworksBuildPhase section */
		C77F4DCC201F7F4900398257 /* Frameworks */ = {
			isa = PBXFrameworksBuildPhase;
			buildActionMask = 2147483647;
			files = (
			);
			runOnlyForDeploymentPostprocessing = 0;
		};
/* End PBXFrameworksBuildPhase section */

/* Begin PBXGroup section */
		C77F4DC6201F7F4900398257 = {
			isa = PBXGroup;
			children = (
				C77F4DD1201F7F4900398257 /* Slot Machine */,
				C77F4DD0201F7F4900398257 /* Products */,
			);
			sourceTree = "<group>";
		};
		C77F4DD0201F7F4900398257 /* Products */ = {
			isa = PBXGroup;
			children = (
				C77F4DCF201F7F4900398257 /* Slot Machine.app */,
			);
			name = Products;
			sourceTree = "<group>";
		};
		C77F4DD1201F7F4900398257 /* Slot Machine */ = {
			isa = PBXGroup;
			children = (
				E143BA442028206E00F29BAE /* Utils */,
				C77F4DD2201F7F4900398257 /* AppDelegate.swift */,
				C77F4DD4201F7F4A00398257 /* ViewController.swift */,
				C77F4DD6201F7F4A00398257 /* Main.storyboard */,
				C77F4DD9201F7F4A00398257 /* Assets.xcassets */,
				C77F4DDB201F7F4A00398257 /* LaunchScreen.storyboard */,
				C77F4DDE201F7F4A00398257 /* Info.plist */,
			);
			path = "Slot Machine";
			sourceTree = "<group>";
		};
		E143BA442028206E00F29BAE /* Utils */ = {
			isa = PBXGroup;
			children = (
				E143BA452028209300F29BAE /* Sound */,
				E143BA46202820C200F29BAE /* Utils.swift */,
			);
			path = Utils;
			sourceTree = "<group>";
		};
		E143BA452028209300F29BAE /* Sound */ = {
			isa = PBXGroup;
			children = (
				E143BA4E20282A0E00F29BAE /* cucaracha.mp3 */,
				E143BA4C202823B200F29BAE /* reelsound.wav */,
				E143BA492028211000F29BAE /* Intro.mp3 */,
				E143BA482028211000F29BAE /* Pop.aiff */,
			);
			path = Sound;
			sourceTree = "<group>";
		};
/* End PBXGroup section */

/* Begin PBXNativeTarget section */
		C77F4DCE201F7F4900398257 /* Slot Machine */ = {
			isa = PBXNativeTarget;
			buildConfigurationList = C77F4DE1201F7F4A00398257 /* Build configuration list for PBXNativeTarget "Slot Machine" */;
			buildPhases = (
				C77F4DCB201F7F4900398257 /* Sources */,
				C77F4DCC201F7F4900398257 /* Frameworks */,
				C77F4DCD201F7F4900398257 /* Resources */,
			);
			buildRules = (
			);
			dependencies = (
			);
			name = "Slot Machine";
			productName = "Slot Machine";
			productReference = C77F4DCF201F7F4900398257 /* Slot Machine.app */;
			productType = "com.apple.product-type.application";
		};
/* End PBXNativeTarget section */

/* Begin PBXProject section */
		C77F4DC7201F7F4900398257 /* Project object */ = {
			isa = PBXProject;
			attributes = {
				LastSwiftUpdateCheck = 0920;
				LastUpgradeCheck = 0920;
				ORGANIZATIONNAME = SlotMachine;
				TargetAttributes = {
					C77F4DCE201F7F4900398257 = {
						CreatedOnToolsVersion = 9.2;
						ProvisioningStyle = Automatic;
					};
				};
			};
			buildConfigurationList = C77F4DCA201F7F4900398257 /* Build configuration list for PBXProject "Slot Machine" */;
			compatibilityVersion = "Xcode 8.0";
			developmentRegion = en;
			hasScannedForEncodings = 0;
			knownRegions = (
				en,
				Base,
			);
			mainGroup = C77F4DC6201F7F4900398257;
			productRefGroup = C77F4DD0201F7F4900398257 /* Products */;
			projectDirPath = "";
			projectRoot = "";
			targets = (
				C77F4DCE201F7F4900398257 /* Slot Machine */,
			);
		};
/* End PBXProject section */

/* Begin PBXResourcesBuildPhase section */
		C77F4DCD201F7F4900398257 /* Resources */ = {
			isa = PBXResourcesBuildPhase;
			buildActionMask = 2147483647;
			files = (
				E143BA4D202823B200F29BAE /* reelsound.wav in Resources */,
				C77F4DDD201F7F4A00398257 /* LaunchScreen.storyboard in Resources */,
				E143BA4B2028211000F29BAE /* Intro.mp3 in Resources */,
				C77F4DDA201F7F4A00398257 /* Assets.xcassets in Resources */,
				C77F4DD8201F7F4A00398257 /* Main.storyboard in Resources */,
				E143BA4F20282A0E00F29BAE /* cucaracha.mp3 in Resources */,
				E143BA4A2028211000F29BAE /* Pop.aiff in Resources */,
			);
			runOnlyForDeploymentPostprocessing = 0;
		};
/* End PBXResourcesBuildPhase section */

/* Begin PBXSourcesBuildPhase section */
		C77F4DCB201F7F4900398257 /* Sources */ = {
			isa = PBXSourcesBuildPhase;
			buildActionMask = 2147483647;
			files = (
				C77F4DD5201F7F4A00398257 /* ViewController.swift in Sources */,
				C77F4DD3201F7F4A00398257 /* AppDelegate.swift in Sources */,
				E143BA47202820C200F29BAE /* Utils.swift in Sources */,
			);
			runOnlyForDeploymentPostprocessing = 0;
		};
/* End PBXSourcesBuildPhase section */

/* Begin PBXVariantGroup section */
		C77F4DD6201F7F4A00398257 /* Main.storyboard */ = {
			isa = PBXVariantGroup;
			children = (
				C77F4DD7201F7F4A00398257 /* Base */,
			);
			name = Main.storyboard;
			sourceTree = "<group>";
		};
		C77F4DDB201F7F4A00398257 /* LaunchScreen.storyboard */ = {
			isa = PBXVariantGroup;
			children = (
				C77F4DDC201F7F4A00398257 /* Base */,
			);
			name = LaunchScreen.storyboard;
			sourceTree = "<group>";
		};
/* End PBXVariantGroup section */

/* Begin XCBuildConfiguration section */
		C77F4DDF201F7F4A00398257 /* Debug */ = {
			isa = XCBuildConfiguration;
			buildSettings = {
				ALWAYS_SEARCH_USER_PATHS = NO;
				CLANG_ANALYZER_NONNULL = YES;
				CLANG_ANALYZER_NUMBER_OBJECT_CONVERSION = YES_AGGRESSIVE;
				CLANG_CXX_LANGUAGE_STANDARD = "gnu++14";
				CLANG_CXX_LIBRARY = "libc++";
				CLANG_ENABLE_MODULES = YES;
				CLANG_ENABLE_OBJC_ARC = YES;
				CLANG_WARN_BLOCK_CAPTURE_AUTORELEASING = YES;
				CLANG_WARN_BOOL_CONVERSION = YES;
				CLANG_WARN_COMMA = YES;
				CLANG_WARN_CONSTANT_CONVERSION = YES;
				CLANG_WARN_DIRECT_OBJC_ISA_USAGE = YES_ERROR;
				CLANG_WARN_DOCUMENTATION_COMMENTS = YES;
				CLANG_WARN_EMPTY_BODY = YES;
				CLANG_WARN_ENUM_CONVERSION = YES;
				CLANG_WARN_INFINITE_RECURSION = YES;
				CLANG_WARN_INT_CONVERSION = YES;
				CLANG_WARN_NON_LITERAL_NULL_CONVERSION = YES;
				CLANG_WARN_OBJC_LITERAL_CONVERSION = YES;
				CLANG_WARN_OBJC_ROOT_CLASS = YES_ERROR;
				CLANG_WARN_RANGE_LOOP_ANALYSIS = YES;
				CLANG_WARN_STRICT_PROTOTYPES = YES;
				CLANG_WARN_SUSPICIOUS_MOVE = YES;
				CLANG_WARN_UNGUARDED_AVAILABILITY = YES_AGGRESSIVE;
				CLANG_WARN_UNREACHABLE_CODE = YES;
				CLANG_WARN__DUPLICATE_METHOD_MATCH = YES;
				CODE_SIGN_IDENTITY = "iPhone Developer";
				COPY_PHASE_STRIP = NO;
				DEBUG_INFORMATION_FORMAT = dwarf;
				ENABLE_STRICT_OBJC_MSGSEND = YES;
				ENABLE_TESTABILITY = YES;
				GCC_C_LANGUAGE_STANDARD = gnu11;
				GCC_DYNAMIC_NO_PIC = NO;
				GCC_NO_COMMON_BLOCKS = YES;
				GCC_OPTIMIZATION_LEVEL = 0;
				GCC_PREPROCESSOR_DEFINITIONS = (
					"DEBUG=1",
					"$(inherited)",
				);
				GCC_WARN_64_TO_32_BIT_CONVERSION = YES;
				GCC_WARN_ABOUT_RETURN_TYPE = YES_ERROR;
				GCC_WARN_UNDECLARED_SELECTOR = YES;
				GCC_WARN_UNINITIALIZED_AUTOS = YES_AGGRESSIVE;
				GCC_WARN_UNUSED_FUNCTION = YES;
				GCC_WARN_UNUSED_VARIABLE = YES;
				IPHONEOS_DEPLOYMENT_TARGET = 11.2;
				MTL_ENABLE_DEBUG_INFO = YES;
				ONLY_ACTIVE_ARCH = YES;
				SDKROOT = iphoneos;
				SWIFT_ACTIVE_COMPILATION_CONDITIONS = DEBUG;
				SWIFT_OPTIMIZATION_LEVEL = "-Onone";
			};
			name = Debug;
		};
		C77F4DE0201F7F4A00398257 /* Release */ = {
			isa = XCBuildConfiguration;
			buildSettings = {
				ALWAYS_SEARCH_USER_PATHS = NO;
				CLANG_ANALYZER_NONNULL = YES;
				CLANG_ANALYZER_NUMBER_OBJECT_CONVERSION = YES_AGGRESSIVE;
				CLANG_CXX_LANGUAGE_STANDARD = "gnu++14";
				CLANG_CXX_LIBRARY = "libc++";
				CLANG_ENABLE_MODULES = YES;
				CLANG_ENABLE_OBJC_ARC = YES;
				CLANG_WARN_BLOCK_CAPTURE_AUTORELEASING = YES;
				CLANG_WARN_BOOL_CONVERSION = YES;
				CLANG_WARN_COMMA = YES;
				CLANG_WARN_CONSTANT_CONVERSION = YES;
				CLANG_WARN_DIRECT_OBJC_ISA_USAGE = YES_ERROR;
				CLANG_WARN_DOCUMENTATION_COMMENTS = YES;
				CLANG_WARN_EMPTY_BODY = YES;
				CLANG_WARN_ENUM_CONVERSION = YES;
				CLANG_WARN_INFINITE_RECURSION = YES;
				CLANG_WARN_INT_CONVERSION = YES;
				CLANG_WARN_NON_LITERAL_NULL_CONVERSION = YES;
				CLANG_WARN_OBJC_LITERAL_CONVERSION = YES;
				CLANG_WARN_OBJC_ROOT_CLASS = YES_ERROR;
				CLANG_WARN_RANGE_LOOP_ANALYSIS = YES;
				CLANG_WARN_STRICT_PROTOTYPES = YES;
				CLANG_WARN_SUSPICIOUS_MOVE = YES;
				CLANG_WARN_UNGUARDED_AVAILABILITY = YES_AGGRESSIVE;
				CLANG_WARN_UNREACHABLE_CODE = YES;
				CLANG_WARN__DUPLICATE_METHOD_MATCH = YES;
				CODE_SIGN_IDENTITY = "iPhone Developer";
				COPY_PHASE_STRIP = NO;
				DEBUG_INFORMATION_FORMAT = "dwarf-with-dsym";
				ENABLE_NS_ASSERTIONS = NO;
				ENABLE_STRICT_OBJC_MSGSEND = YES;
				GCC_C_LANGUAGE_STANDARD = gnu11;
				GCC_NO_COMMON_BLOCKS = YES;
				GCC_WARN_64_TO_32_BIT_CONVERSION = YES;
				GCC_WARN_ABOUT_RETURN_TYPE = YES_ERROR;
				GCC_WARN_UNDECLARED_SELECTOR = YES;
				GCC_WARN_UNINITIALIZED_AUTOS = YES_AGGRESSIVE;
				GCC_WARN_UNUSED_FUNCTION = YES;
				GCC_WARN_UNUSED_VARIABLE = YES;
				IPHONEOS_DEPLOYMENT_TARGET = 11.2;
				MTL_ENABLE_DEBUG_INFO = NO;
				SDKROOT = iphoneos;
				SWIFT_OPTIMIZATION_LEVEL = "-Owholemodule";
				VALIDATE_PRODUCT = YES;
			};
			name = Release;
		};
		C77F4DE2201F7F4A00398257 /* Debug */ = {
			isa = XCBuildConfiguration;
			buildSettings = {
				ASSETCATALOG_COMPILER_APPICON_NAME = AppIcon;
				CODE_SIGN_STYLE = Automatic;
				INFOPLIST_FILE = "Slot Machine/Info.plist";
				LD_RUNPATH_SEARCH_PATHS = "$(inherited) @executable_path/Frameworks";
				PRODUCT_BUNDLE_IDENTIFIER = "com.gotransit.gotrnasitapp.Slot-Machine";
				PRODUCT_NAME = "$(TARGET_NAME)";
				SWIFT_VERSION = 4.0;
				TARGETED_DEVICE_FAMILY = "1,2";
			};
			name = Debug;
		};
		C77F4DE3201F7F4A00398257 /* Release */ = {
			isa = XCBuildConfiguration;
			buildSettings = {
				ASSETCATALOG_COMPILER_APPICON_NAME = AppIcon;
				CODE_SIGN_STYLE = Automatic;
				INFOPLIST_FILE = "Slot Machine/Info.plist";
				LD_RUNPATH_SEARCH_PATHS = "$(inherited) @executable_path/Frameworks";
				PRODUCT_BUNDLE_IDENTIFIER = "com.gotransit.gotrnasitapp.Slot-Machine";
				PRODUCT_NAME = "$(TARGET_NAME)";
				SWIFT_VERSION = 4.0;
				TARGETED_DEVICE_FAMILY = "1,2";
			};
			name = Release;
		};
/* End XCBuildConfiguration section */

/* Begin XCConfigurationList section */
		C77F4DCA201F7F4900398257 /* Build configuration list for PBXProject "Slot Machine" */ = {
			isa = XCConfigurationList;
			buildConfigurations = (
				C77F4DDF201F7F4A00398257 /* Debug */,
				C77F4DE0201F7F4A00398257 /* Release */,
			);
			defaultConfigurationIsVisible = 0;
			defaultConfigurationName = Release;
		};
		C77F4DE1201F7F4A00398257 /* Build configuration list for PBXNativeTarget "Slot Machine" */ = {
			isa = XCConfigurationList;
			buildConfigurations = (
				C77F4DE2201F7F4A00398257 /* Debug */,
				C77F4DE3201F7F4A00398257 /* Release */,
			);
			defaultConfigurationIsVisible = 0;
			defaultConfigurationName = Release;
		};
/* End XCConfigurationList section */
	};
	rootObject = C77F4DC7201F7F4900398257 /* Project object */;
}
